// !$*UTF8*$!
{
	archiveVersion = 1;
	classes = {
	};
	objectVersion = 46;
	objects = {

/* Begin PBXBuildFile section */
		8A31C2CD1BBEB0A9001DA7C4 /* NRChannel.swift in Sources */ = {isa = PBXBuildFile; fileRef = 8A31C2CC1BBEB0A9001DA7C4 /* NRChannel.swift */; settings = {ASSET_TAGS = (); }; };
		8A31C2CF1BBEB3D2001DA7C4 /* NRItem.swift in Sources */ = {isa = PBXBuildFile; fileRef = 8A31C2CE1BBEB3D2001DA7C4 /* NRItem.swift */; settings = {ASSET_TAGS = (); }; };
		8A6B0D7A1BBD8BA40056C91E /* AppDelegate.swift in Sources */ = {isa = PBXBuildFile; fileRef = 8A6B0D791BBD8BA40056C91E /* AppDelegate.swift */; };
		8A6B0D7F1BBD8BA40056C91E /* Main.storyboard in Resources */ = {isa = PBXBuildFile; fileRef = 8A6B0D7D1BBD8BA40056C91E /* Main.storyboard */; };
		8A6B0D811BBD8BA40056C91E /* Assets.xcassets in Resources */ = {isa = PBXBuildFile; fileRef = 8A6B0D801BBD8BA40056C91E /* Assets.xcassets */; };
		8A6B0D841BBD8BA40056C91E /* LaunchScreen.storyboard in Resources */ = {isa = PBXBuildFile; fileRef = 8A6B0D821BBD8BA40056C91E /* LaunchScreen.storyboard */; };
		8A6B0D8F1BBD8BA40056C91E /* News_ReaderTests.swift in Sources */ = {isa = PBXBuildFile; fileRef = 8A6B0D8E1BBD8BA40056C91E /* News_ReaderTests.swift */; };
		8A6B0D9A1BBD8BA40056C91E /* News_ReaderUITests.swift in Sources */ = {isa = PBXBuildFile; fileRef = 8A6B0D991BBD8BA40056C91E /* News_ReaderUITests.swift */; };
		8A6B0DA81BBD8D740056C91E /* NewsTableViewController.swift in Sources */ = {isa = PBXBuildFile; fileRef = 8A6B0DA71BBD8D740056C91E /* NewsTableViewController.swift */; settings = {ASSET_TAGS = (); }; };
		8AB0BFA81BC1EBB500523D8F /* NRRSSParser.swift in Sources */ = {isa = PBXBuildFile; fileRef = 8AB0BFA71BC1EBB500523D8F /* NRRSSParser.swift */; settings = {ASSET_TAGS = (); }; };
		8AC74DB91BC285FF00CBF2AE /* NRRSSParserDelegate.swift in Sources */ = {isa = PBXBuildFile; fileRef = 8AC74DB81BC285FF00CBF2AE /* NRRSSParserDelegate.swift */; settings = {ASSET_TAGS = (); }; };
		8AEA0E641BBDCBC000556336 /* .gitignore in Resources */ = {isa = PBXBuildFile; fileRef = 8AEA0E631BBDCBC000556336 /* .gitignore */; settings = {ASSET_TAGS = (); }; };
/* End PBXBuildFile section */

/* Begin PBXContainerItemProxy section */
		8A6B0D8B1BBD8BA40056C91E /* PBXContainerItemProxy */ = {
			isa = PBXContainerItemProxy;
			containerPortal = 8A6B0D6E1BBD8BA30056C91E /* Project object */;
			proxyType = 1;
			remoteGlobalIDString = 8A6B0D751BBD8BA40056C91E;
			remoteInfo = "News Reader";
		};
		8A6B0D961BBD8BA40056C91E /* PBXContainerItemProxy */ = {
			isa = PBXContainerItemProxy;
			containerPortal = 8A6B0D6E1BBD8BA30056C91E /* Project object */;
			proxyType = 1;
			remoteGlobalIDString = 8A6B0D751BBD8BA40056C91E;
			remoteInfo = "News Reader";
		};
/* End PBXContainerItemProxy section */

/* Begin PBXFileReference section */
		8A31C2CC1BBEB0A9001DA7C4 /* NRChannel.swift */ = {isa = PBXFileReference; fileEncoding = 4; lastKnownFileType = sourcecode.swift; path = NRChannel.swift; sourceTree = "<group>"; };
		8A31C2CE1BBEB3D2001DA7C4 /* NRItem.swift */ = {isa = PBXFileReference; fileEncoding = 4; lastKnownFileType = sourcecode.swift; path = NRItem.swift; sourceTree = "<group>"; };
		8A6B0D761BBD8BA40056C91E /* News Reader.app */ = {isa = PBXFileReference; explicitFileType = wrapper.application; includeInIndex = 0; path = "News Reader.app"; sourceTree = BUILT_PRODUCTS_DIR; };
		8A6B0D791BBD8BA40056C91E /* AppDelegate.swift */ = {isa = PBXFileReference; lastKnownFileType = sourcecode.swift; path = AppDelegate.swift; sourceTree = "<group>"; };
		8A6B0D7E1BBD8BA40056C91E /* Base */ = {isa = PBXFileReference; lastKnownFileType = file.storyboard; name = Base; path = Base.lproj/Main.storyboard; sourceTree = "<group>"; };
		8A6B0D801BBD8BA40056C91E /* Assets.xcassets */ = {isa = PBXFileReference; lastKnownFileType = folder.assetcatalog; path = Assets.xcassets; sourceTree = "<group>"; };
		8A6B0D831BBD8BA40056C91E /* Base */ = {isa = PBXFileReference; lastKnownFileType = file.storyboard; name = Base; path = Base.lproj/LaunchScreen.storyboard; sourceTree = "<group>"; };
		8A6B0D851BBD8BA40056C91E /* Info.plist */ = {isa = PBXFileReference; lastKnownFileType = text.plist.xml; path = Info.plist; sourceTree = "<group>"; };
		8A6B0D8A1BBD8BA40056C91E /* News ReaderTests.xctest */ = {isa = PBXFileReference; explicitFileType = wrapper.cfbundle; includeInIndex = 0; path = "News ReaderTests.xctest"; sourceTree = BUILT_PRODUCTS_DIR; };
		8A6B0D8E1BBD8BA40056C91E /* News_ReaderTests.swift */ = {isa = PBXFileReference; lastKnownFileType = sourcecode.swift; path = News_ReaderTests.swift; sourceTree = "<group>"; };
		8A6B0D901BBD8BA40056C91E /* Info.plist */ = {isa = PBXFileReference; lastKnownFileType = text.plist.xml; path = Info.plist; sourceTree = "<group>"; };
		8A6B0D951BBD8BA40056C91E /* News ReaderUITests.xctest */ = {isa = PBXFileReference; explicitFileType = wrapper.cfbundle; includeInIndex = 0; path = "News ReaderUITests.xctest"; sourceTree = BUILT_PRODUCTS_DIR; };
		8A6B0D991BBD8BA40056C91E /* News_ReaderUITests.swift */ = {isa = PBXFileReference; lastKnownFileType = sourcecode.swift; path = News_ReaderUITests.swift; sourceTree = "<group>"; };
		8A6B0D9B1BBD8BA40056C91E /* Info.plist */ = {isa = PBXFileReference; lastKnownFileType = text.plist.xml; path = Info.plist; sourceTree = "<group>"; };
		8A6B0DA71BBD8D740056C91E /* NewsTableViewController.swift */ = {isa = PBXFileReference; fileEncoding = 4; lastKnownFileType = sourcecode.swift; path = NewsTableViewController.swift; sourceTree = "<group>"; };
		8AB0BFA71BC1EBB500523D8F /* NRRSSParser.swift */ = {isa = PBXFileReference; fileEncoding = 4; lastKnownFileType = sourcecode.swift; path = NRRSSParser.swift; sourceTree = "<group>"; };
		8AC74DB81BC285FF00CBF2AE /* NRRSSParserDelegate.swift */ = {isa = PBXFileReference; fileEncoding = 4; lastKnownFileType = sourcecode.swift; path = NRRSSParserDelegate.swift; sourceTree = "<group>"; };
		8AEA0E631BBDCBC000556336 /* .gitignore */ = {isa = PBXFileReference; fileEncoding = 4; lastKnownFileType = text; path = .gitignore; sourceTree = "<group>"; };
/* End PBXFileReference section */

/* Begin PBXFrameworksBuildPhase section */
		8A6B0D731BBD8BA40056C91E /* Frameworks */ = {
			isa = PBXFrameworksBuildPhase;
			buildActionMask = 2147483647;
			files = (
			);
			runOnlyForDeploymentPostprocessing = 0;
		};
		8A6B0D871BBD8BA40056C91E /* Frameworks */ = {
			isa = PBXFrameworksBuildPhase;
			buildActionMask = 2147483647;
			files = (
			);
			runOnlyForDeploymentPostprocessing = 0;
		};
		8A6B0D921BBD8BA40056C91E /* Frameworks */ = {
			isa = PBXFrameworksBuildPhase;
			buildActionMask = 2147483647;
			files = (
			);
			runOnlyForDeploymentPostprocessing = 0;
		};
/* End PBXFrameworksBuildPhase section */

/* Begin PBXGroup section */
		8A6B0D6D1BBD8BA30056C91E = {
			isa = PBXGroup;
			children = (
				8AEA0E631BBDCBC000556336 /* .gitignore */,
				8A6B0D781BBD8BA40056C91E /* News Reader */,
				8A6B0D8D1BBD8BA40056C91E /* News ReaderTests */,
				8A6B0D981BBD8BA40056C91E /* News ReaderUITests */,
				8A6B0D771BBD8BA40056C91E /* Products */,
			);
			sourceTree = "<group>";
		};
		8A6B0D771BBD8BA40056C91E /* Products */ = {
			isa = PBXGroup;
			children = (
				8A6B0D761BBD8BA40056C91E /* News Reader.app */,
				8A6B0D8A1BBD8BA40056C91E /* News ReaderTests.xctest */,
				8A6B0D951BBD8BA40056C91E /* News ReaderUITests.xctest */,
			);
			name = Products;
			sourceTree = "<group>";
		};
		8A6B0D781BBD8BA40056C91E /* News Reader */ = {
			isa = PBXGroup;
			children = (
				8A6B0D791BBD8BA40056C91E /* AppDelegate.swift */,
				8A6B0DA91BBD8F0B0056C91E /* Model */,
				8A6B0DAA1BBD8F150056C91E /* Controller */,
				8A6B0DAB1BBD8F3C0056C91E /* View */,
				8A6B0D801BBD8BA40056C91E /* Assets.xcassets */,
				8A6B0D851BBD8BA40056C91E /* Info.plist */,
			);
			path = "News Reader";
			sourceTree = "<group>";
		};
		8A6B0D8D1BBD8BA40056C91E /* News ReaderTests */ = {
			isa = PBXGroup;
			children = (
				8A6B0D8E1BBD8BA40056C91E /* News_ReaderTests.swift */,
				8A6B0D901BBD8BA40056C91E /* Info.plist */,
			);
			path = "News ReaderTests";
			sourceTree = "<group>";
		};
		8A6B0D981BBD8BA40056C91E /* News ReaderUITests */ = {
			isa = PBXGroup;
			children = (
				8A6B0D991BBD8BA40056C91E /* News_ReaderUITests.swift */,
				8A6B0D9B1BBD8BA40056C91E /* Info.plist */,
			);
			path = "News ReaderUITests";
			sourceTree = "<group>";
		};
		8A6B0DA91BBD8F0B0056C91E /* Model */ = {
			isa = PBXGroup;
			children = (
				8A31C2CC1BBEB0A9001DA7C4 /* NRChannel.swift */,
				8A31C2CE1BBEB3D2001DA7C4 /* NRItem.swift */,
				8AB0BFA71BC1EBB500523D8F /* NRRSSParser.swift */,
				8AC74DB81BC285FF00CBF2AE /* NRRSSParserDelegate.swift */,
			);
			name = Model;
			sourceTree = "<group>";
		};
		8A6B0DAA1BBD8F150056C91E /* Controller */ = {
			isa = PBXGroup;
			children = (
				8A6B0DA71BBD8D740056C91E /* NewsTableViewController.swift */,
			);
			name = Controller;
			sourceTree = "<group>";
		};
		8A6B0DAB1BBD8F3C0056C91E /* View */ = {
			isa = PBXGroup;
			children = (
				8A6B0D7D1BBD8BA40056C91E /* Main.storyboard */,
				8A6B0D821BBD8BA40056C91E /* LaunchScreen.storyboard */,
			);
			name = View;
			sourceTree = "<group>";
		};
/* End PBXGroup section */

/* Begin PBXNativeTarget section */
		8A6B0D751BBD8BA40056C91E /* News Reader */ = {
			isa = PBXNativeTarget;
			buildConfigurationList = 8A6B0D9E1BBD8BA40056C91E /* Build configuration list for PBXNativeTarget "News Reader" */;
			buildPhases = (
				8A6B0D721BBD8BA40056C91E /* Sources */,
				8A6B0D731BBD8BA40056C91E /* Frameworks */,
				8A6B0D741BBD8BA40056C91E /* Resources */,
			);
			buildRules = (
			);
			dependencies = (
			);
			name = "News Reader";
			productName = "News Reader";
			productReference = 8A6B0D761BBD8BA40056C91E /* News Reader.app */;
			productType = "com.apple.product-type.application";
		};
		8A6B0D891BBD8BA40056C91E /* News ReaderTests */ = {
			isa = PBXNativeTarget;
			buildConfigurationList = 8A6B0DA11BBD8BA40056C91E /* Build configuration list for PBXNativeTarget "News ReaderTests" */;
			buildPhases = (
				8A6B0D861BBD8BA40056C91E /* Sources */,
				8A6B0D871BBD8BA40056C91E /* Frameworks */,
				8A6B0D881BBD8BA40056C91E /* Resources */,
			);
			buildRules = (
			);
			dependencies = (
				8A6B0D8C1BBD8BA40056C91E /* PBXTargetDependency */,
			);
			name = "News ReaderTests";
			productName = "News ReaderTests";
			productReference = 8A6B0D8A1BBD8BA40056C91E /* News ReaderTests.xctest */;
			productType = "com.apple.product-type.bundle.unit-test";
		};
		8A6B0D941BBD8BA40056C91E /* News ReaderUITests */ = {
			isa = PBXNativeTarget;
			buildConfigurationList = 8A6B0DA41BBD8BA40056C91E /* Build configuration list for PBXNativeTarget "News ReaderUITests" */;
			buildPhases = (
				8A6B0D911BBD8BA40056C91E /* Sources */,
				8A6B0D921BBD8BA40056C91E /* Frameworks */,
				8A6B0D931BBD8BA40056C91E /* Resources */,
			);
			buildRules = (
			);
			dependencies = (
				8A6B0D971BBD8BA40056C91E /* PBXTargetDependency */,
			);
			name = "News ReaderUITests";
			productName = "News ReaderUITests";
			productReference = 8A6B0D951BBD8BA40056C91E /* News ReaderUITests.xctest */;
			productType = "com.apple.product-type.bundle.ui-testing";
		};
/* End PBXNativeTarget section */

/* Begin PBXProject section */
		8A6B0D6E1BBD8BA30056C91E /* Project object */ = {
			isa = PBXProject;
			attributes = {
				LastUpgradeCheck = 0700;
				ORGANIZATIONNAME = Alexey;
				TargetAttributes = {
					8A6B0D751BBD8BA40056C91E = {
						CreatedOnToolsVersion = 7.0;
					};
					8A6B0D891BBD8BA40056C91E = {
						CreatedOnToolsVersion = 7.0;
						TestTargetID = 8A6B0D751BBD8BA40056C91E;
					};
					8A6B0D941BBD8BA40056C91E = {
						CreatedOnToolsVersion = 7.0;
						TestTargetID = 8A6B0D751BBD8BA40056C91E;
					};
				};
			};
			buildConfigurationList = 8A6B0D711BBD8BA30056C91E /* Build configuration list for PBXProject "News Reader" */;
			compatibilityVersion = "Xcode 3.2";
			developmentRegion = English;
			hasScannedForEncodings = 0;
			knownRegions = (
				en,
				Base,
			);
			mainGroup = 8A6B0D6D1BBD8BA30056C91E;
			productRefGroup = 8A6B0D771BBD8BA40056C91E /* Products */;
			projectDirPath = "";
			projectRoot = "";
			targets = (
				8A6B0D751BBD8BA40056C91E /* News Reader */,
				8A6B0D891BBD8BA40056C91E /* News ReaderTests */,
				8A6B0D941BBD8BA40056C91E /* News ReaderUITests */,
			);
		};
/* End PBXProject section */

/* Begin PBXResourcesBuildPhase section */
		8A6B0D741BBD8BA40056C91E /* Resources */ = {
			isa = PBXResourcesBuildPhase;
			buildActionMask = 2147483647;
			files = (
				8AEA0E641BBDCBC000556336 /* .gitignore in Resources */,
				8A6B0D841BBD8BA40056C91E /* LaunchScreen.storyboard in Resources */,
				8A6B0D811BBD8BA40056C91E /* Assets.xcassets in Resources */,
				8A6B0D7F1BBD8BA40056C91E /* Main.storyboard in Resources */,
			);
			runOnlyForDeploymentPostprocessing = 0;
		};
		8A6B0D881BBD8BA40056C91E /* Resources */ = {
			isa = PBXResourcesBuildPhase;
			buildActionMask = 2147483647;
			files = (
			);
			runOnlyForDeploymentPostprocessing = 0;
		};
		8A6B0D931BBD8BA40056C91E /* Resources */ = {
			isa = PBXResourcesBuildPhase;
			buildActionMask = 2147483647;
			files = (
			);
			runOnlyForDeploymentPostprocessing = 0;
		};
/* End PBXResourcesBuildPhase section */

/* Begin PBXSourcesBuildPhase section */
		8A6B0D721BBD8BA40056C91E /* Sources */ = {
			isa = PBXSourcesBuildPhase;
			buildActionMask = 2147483647;
			files = (
				8AC74DB91BC285FF00CBF2AE /* NRRSSParserDelegate.swift in Sources */,
				8A31C2CF1BBEB3D2001DA7C4 /* NRItem.swift in Sources */,
				8A6B0DA81BBD8D740056C91E /* NewsTableViewController.swift in Sources */,
				8A31C2CD1BBEB0A9001DA7C4 /* NRChannel.swift in Sources */,
				8AB0BFA81BC1EBB500523D8F /* NRRSSParser.swift in Sources */,
				8A6B0D7A1BBD8BA40056C91E /* AppDelegate.swift in Sources */,
			);
			runOnlyForDeploymentPostprocessing = 0;
		};
		8A6B0D861BBD8BA40056C91E /* Sources */ = {
			isa = PBXSourcesBuildPhase;
			buildActionMask = 2147483647;
			files = (
				8A6B0D8F1BBD8BA40056C91E /* News_ReaderTests.swift in Sources */,
			);
			runOnlyForDeploymentPostprocessing = 0;
		};
		8A6B0D911BBD8BA40056C91E /* Sources */ = {
			isa = PBXSourcesBuildPhase;
			buildActionMask = 2147483647;
			files = (
				8A6B0D9A1BBD8BA40056C91E /* News_ReaderUITests.swift in Sources */,
			);
			runOnlyForDeploymentPostprocessing = 0;
		};
/* End PBXSourcesBuildPhase section */

/* Begin PBXTargetDependency section */
		8A6B0D8C1BBD8BA40056C91E /* PBXTargetDependency */ = {
			isa = PBXTargetDependency;
			target = 8A6B0D751BBD8BA40056C91E /* News Reader */;
			targetProxy = 8A6B0D8B1BBD8BA40056C91E /* PBXContainerItemProxy */;
		};
		8A6B0D971BBD8BA40056C91E /* PBXTargetDependency */ = {
			isa = PBXTargetDependency;
			target = 8A6B0D751BBD8BA40056C91E /* News Reader */;
			targetProxy = 8A6B0D961BBD8BA40056C91E /* PBXContainerItemProxy */;
		};
/* End PBXTargetDependency section */

/* Begin PBXVariantGroup section */
		8A6B0D7D1BBD8BA40056C91E /* Main.storyboard */ = {
			isa = PBXVariantGroup;
			children = (
				8A6B0D7E1BBD8BA40056C91E /* Base */,
			);
			name = Main.storyboard;
			sourceTree = "<group>";
		};
		8A6B0D821BBD8BA40056C91E /* LaunchScreen.storyboard */ = {
			isa = PBXVariantGroup;
			children = (
				8A6B0D831BBD8BA40056C91E /* Base */,
			);
			name = LaunchScreen.storyboard;
			sourceTree = "<group>";
		};
/* End PBXVariantGroup section */

/* Begin XCBuildConfiguration section */
		8A6B0D9C1BBD8BA40056C91E /* Debug */ = {
			isa = XCBuildConfiguration;
			buildSettings = {
				ALWAYS_SEARCH_USER_PATHS = NO;
				CLANG_CXX_LANGUAGE_STANDARD = "gnu++0x";
				CLANG_CXX_LIBRARY = "libc++";
				CLANG_ENABLE_MODULES = YES;
				CLANG_ENABLE_OBJC_ARC = YES;
				CLANG_WARN_BOOL_CONVERSION = YES;
				CLANG_WARN_CONSTANT_CONVERSION = YES;
				CLANG_WARN_DIRECT_OBJC_ISA_USAGE = YES_ERROR;
				CLANG_WARN_EMPTY_BODY = YES;
				CLANG_WARN_ENUM_CONVERSION = YES;
				CLANG_WARN_INT_CONVERSION = YES;
				CLANG_WARN_OBJC_ROOT_CLASS = YES_ERROR;
				CLANG_WARN_UNREACHABLE_CODE = YES;
				CLANG_WARN__DUPLICATE_METHOD_MATCH = YES;
				"CODE_SIGN_IDENTITY[sdk=iphoneos*]" = "iPhone Developer";
				COPY_PHASE_STRIP = NO;
				DEBUG_INFORMATION_FORMAT = dwarf;
				ENABLE_STRICT_OBJC_MSGSEND = YES;
				ENABLE_TESTABILITY = YES;
				GCC_C_LANGUAGE_STANDARD = gnu99;
				GCC_DYNAMIC_NO_PIC = NO;
				GCC_NO_COMMON_BLOCKS = YES;
				GCC_OPTIMIZATION_LEVEL = 0;
				GCC_PREPROCESSOR_DEFINITIONS = (
					"DEBUG=1",
					"$(inherited)",
				);
				GCC_WARN_64_TO_32_BIT_CONVERSION = YES;
				GCC_WARN_ABOUT_RETURN_TYPE = YES_ERROR;
				GCC_WARN_UNDECLARED_SELECTOR = YES;
				GCC_WARN_UNINITIALIZED_AUTOS = YES_AGGRESSIVE;
				GCC_WARN_UNUSED_FUNCTION = YES;
				GCC_WARN_UNUSED_VARIABLE = YES;
				IPHONEOS_DEPLOYMENT_TARGET = 9.0;
				MTL_ENABLE_DEBUG_INFO = YES;
				ONLY_ACTIVE_ARCH = YES;
				SDKROOT = iphoneos;
				SWIFT_OPTIMIZATION_LEVEL = "-Onone";
			};
			name = Debug;
		};
		8A6B0D9D1BBD8BA40056C91E /* Release */ = {
			isa = XCBuildConfiguration;
			buildSettings = {
				ALWAYS_SEARCH_USER_PATHS = NO;
				CLANG_CXX_LANGUAGE_STANDARD = "gnu++0x";
				CLANG_CXX_LIBRARY = "libc++";
				CLANG_ENABLE_MODULES = YES;
				CLANG_ENABLE_OBJC_ARC = YES;
				CLANG_WARN_BOOL_CONVERSION = YES;
				CLANG_WARN_CONSTANT_CONVERSION = YES;
				CLANG_WARN_DIRECT_OBJC_ISA_USAGE = YES_ERROR;
				CLANG_WARN_EMPTY_BODY = YES;
				CLANG_WARN_ENUM_CONVERSION = YES;
				CLANG_WARN_INT_CONVERSION = YES;
				CLANG_WARN_OBJC_ROOT_CLASS = YES_ERROR;
				CLANG_WARN_UNREACHABLE_CODE = YES;
				CLANG_WARN__DUPLICATE_METHOD_MATCH = YES;
				"CODE_SIGN_IDENTITY[sdk=iphoneos*]" = "iPhone Developer";
				COPY_PHASE_STRIP = NO;
				DEBUG_INFORMATION_FORMAT = "dwarf-with-dsym";
				ENABLE_NS_ASSERTIONS = NO;
				ENABLE_STRICT_OBJC_MSGSEND = YES;
				GCC_C_LANGUAGE_STANDARD = gnu99;
				GCC_NO_COMMON_BLOCKS = YES;
				GCC_WARN_64_TO_32_BIT_CONVERSION = YES;
				GCC_WARN_ABOUT_RETURN_TYPE = YES_ERROR;
				GCC_WARN_UNDECLARED_SELECTOR = YES;
				GCC_WARN_UNINITIALIZED_AUTOS = YES_AGGRESSIVE;
				GCC_WARN_UNUSED_FUNCTION = YES;
				GCC_WARN_UNUSED_VARIABLE = YES;
				IPHONEOS_DEPLOYMENT_TARGET = 9.0;
				MTL_ENABLE_DEBUG_INFO = NO;
				SDKROOT = iphoneos;
				VALIDATE_PRODUCT = YES;
			};
			name = Release;
		};
		8A6B0D9F1BBD8BA40056C91E /* Debug */ = {
			isa = XCBuildConfiguration;
			buildSettings = {
				ASSETCATALOG_COMPILER_APPICON_NAME = AppIcon;
				INFOPLIST_FILE = "News Reader/Info.plist";
				LD_RUNPATH_SEARCH_PATHS = "$(inherited) @executable_path/Frameworks";
				PRODUCT_BUNDLE_IDENTIFIER = "univercube.News-Reader";
				PRODUCT_NAME = "$(TARGET_NAME)";
			};
			name = Debug;
		};
		8A6B0DA01BBD8BA40056C91E /* Release */ = {
			isa = XCBuildConfiguration;
			buildSettings = {
				ASSETCATALOG_COMPILER_APPICON_NAME = AppIcon;
				INFOPLIST_FILE = "News Reader/Info.plist";
				LD_RUNPATH_SEARCH_PATHS = "$(inherited) @executable_path/Frameworks";
				PRODUCT_BUNDLE_IDENTIFIER = "univercube.News-Reader";
				PRODUCT_NAME = "$(TARGET_NAME)";
			};
			name = Release;
		};
		8A6B0DA21BBD8BA40056C91E /* Debug */ = {
			isa = XCBuildConfiguration;
			buildSettings = {
				BUNDLE_LOADER = "$(TEST_HOST)";
				INFOPLIST_FILE = "News ReaderTests/Info.plist";
				LD_RUNPATH_SEARCH_PATHS = "$(inherited) @executable_path/Frameworks @loader_path/Frameworks";
				PRODUCT_BUNDLE_IDENTIFIER = "univercube.News-ReaderTests";
				PRODUCT_NAME = "$(TARGET_NAME)";
				TEST_HOST = "$(BUILT_PRODUCTS_DIR)/News Reader.app/News Reader";
			};
			name = Debug;
		};
		8A6B0DA31BBD8BA40056C91E /* Release */ = {
			isa = XCBuildConfiguration;
			buildSettings = {
				BUNDLE_LOADER = "$(TEST_HOST)";
				INFOPLIST_FILE = "News ReaderTests/Info.plist";
				LD_RUNPATH_SEARCH_PATHS = "$(inherited) @executable_path/Frameworks @loader_path/Frameworks";
				PRODUCT_BUNDLE_IDENTIFIER = "univercube.News-ReaderTests";
				PRODUCT_NAME = "$(TARGET_NAME)";
				TEST_HOST = "$(BUILT_PRODUCTS_DIR)/News Reader.app/News Reader";
			};
			name = Release;
		};
		8A6B0DA51BBD8BA40056C91E /* Debug */ = {
			isa = XCBuildConfiguration;
			buildSettings = {
				INFOPLIST_FILE = "News ReaderUITests/Info.plist";
				LD_RUNPATH_SEARCH_PATHS = "$(inherited) @executable_path/Frameworks @loader_path/Frameworks";
				PRODUCT_BUNDLE_IDENTIFIER = "univercube.News-ReaderUITests";
				PRODUCT_NAME = "$(TARGET_NAME)";
				TEST_TARGET_NAME = "News Reader";
				USES_XCTRUNNER = YES;
			};
			name = Debug;
		};
		8A6B0DA61BBD8BA40056C91E /* Release */ = {
			isa = XCBuildConfiguration;
			buildSettings = {
				INFOPLIST_FILE = "News ReaderUITests/Info.plist";
				LD_RUNPATH_SEARCH_PATHS = "$(inherited) @executable_path/Frameworks @loader_path/Frameworks";
				PRODUCT_BUNDLE_IDENTIFIER = "univercube.News-ReaderUITests";
				PRODUCT_NAME = "$(TARGET_NAME)";
				TEST_TARGET_NAME = "News Reader";
				USES_XCTRUNNER = YES;
			};
			name = Release;
		};
/* End XCBuildConfiguration section */

/* Begin XCConfigurationList section */
		8A6B0D711BBD8BA30056C91E /* Build configuration list for PBXProject "News Reader" */ = {
			isa = XCConfigurationList;
			buildConfigurations = (
				8A6B0D9C1BBD8BA40056C91E /* Debug */,
				8A6B0D9D1BBD8BA40056C91E /* Release */,
			);
			defaultConfigurationIsVisible = 0;
			defaultConfigurationName = Release;
		};
		8A6B0D9E1BBD8BA40056C91E /* Build configuration list for PBXNativeTarget "News Reader" */ = {
			isa = XCConfigurationList;
			buildConfigurations = (
				8A6B0D9F1BBD8BA40056C91E /* Debug */,
				8A6B0DA01BBD8BA40056C91E /* Release */,
			);
			defaultConfigurationIsVisible = 0;
			defaultConfigurationName = Release;
		};
		8A6B0DA11BBD8BA40056C91E /* Build configuration list for PBXNativeTarget "News ReaderTests" */ = {
			isa = XCConfigurationList;
			buildConfigurations = (
				8A6B0DA21BBD8BA40056C91E /* Debug */,
				8A6B0DA31BBD8BA40056C91E /* Release */,
			);
			defaultConfigurationIsVisible = 0;
			defaultConfigurationName = Release;
		};
		8A6B0DA41BBD8BA40056C91E /* Build configuration list for PBXNativeTarget "News ReaderUITests" */ = {
			isa = XCConfigurationList;
			buildConfigurations = (
				8A6B0DA51BBD8BA40056C91E /* Debug */,
				8A6B0DA61BBD8BA40056C91E /* Release */,
			);
			defaultConfigurationIsVisible = 0;
			defaultConfigurationName = Release;
		};
/* End XCConfigurationList section */
	};
	rootObject = 8A6B0D6E1BBD8BA30056C91E /* Project object */;
}
