// !$*UTF8*$!
{
	archiveVersion = 1;
	classes = {
	};
	objectVersion = 46;
	objects = {

/* Begin PBXBuildFile section */
		8A0B46A51BFD238000B9E2A2 /* DetailImageNewsCell.swift in Sources */ = {isa = PBXBuildFile; fileRef = 8A0B46A41BFD238000B9E2A2 /* DetailImageNewsCell.swift */; };
		8A31C2CD1BBEB0A9001DA7C4 /* Channel.swift in Sources */ = {isa = PBXBuildFile; fileRef = 8A31C2CC1BBEB0A9001DA7C4 /* Channel.swift */; };
		8A31C2CF1BBEB3D2001DA7C4 /* Item.swift in Sources */ = {isa = PBXBuildFile; fileRef = 8A31C2CE1BBEB3D2001DA7C4 /* Item.swift */; };
		8A5C59251BFF3C6E002D17BA /* DrawingViewController.m in Sources */ = {isa = PBXBuildFile; fileRef = 8A5C59241BFF3C6E002D17BA /* DrawingViewController.m */; };
		8A5C592B1BFFB51B002D17BA /* BrushSettingsViewController.m in Sources */ = {isa = PBXBuildFile; fileRef = 8A5C592A1BFFB51B002D17BA /* BrushSettingsViewController.m */; };
		8A6B0D7A1BBD8BA40056C91E /* AppDelegate.swift in Sources */ = {isa = PBXBuildFile; fileRef = 8A6B0D791BBD8BA40056C91E /* AppDelegate.swift */; };
		8A6B0D7F1BBD8BA40056C91E /* Main.storyboard in Resources */ = {isa = PBXBuildFile; fileRef = 8A6B0D7D1BBD8BA40056C91E /* Main.storyboard */; };
		8A6B0D811BBD8BA40056C91E /* Assets.xcassets in Resources */ = {isa = PBXBuildFile; fileRef = 8A6B0D801BBD8BA40056C91E /* Assets.xcassets */; };
		8A6B0D841BBD8BA40056C91E /* LaunchScreen.storyboard in Resources */ = {isa = PBXBuildFile; fileRef = 8A6B0D821BBD8BA40056C91E /* LaunchScreen.storyboard */; };
		8A6B0D8F1BBD8BA40056C91E /* News_ReaderTests.swift in Sources */ = {isa = PBXBuildFile; fileRef = 8A6B0D8E1BBD8BA40056C91E /* News_ReaderTests.swift */; };
		8A6B0D9A1BBD8BA40056C91E /* News_ReaderUITests.swift in Sources */ = {isa = PBXBuildFile; fileRef = 8A6B0D991BBD8BA40056C91E /* News_ReaderUITests.swift */; };
		8A6B0DA81BBD8D740056C91E /* NewsTableViewController.swift in Sources */ = {isa = PBXBuildFile; fileRef = 8A6B0DA71BBD8D740056C91E /* NewsTableViewController.swift */; };
		8A7F9E0E1BCDAC6C002C6F89 /* ImageDownloader.swift in Sources */ = {isa = PBXBuildFile; fileRef = 8A7F9E0D1BCDAC6C002C6F89 /* ImageDownloader.swift */; };
		8AA61E831BC9C87F00D937C6 /* ImageNewsCell.swift in Sources */ = {isa = PBXBuildFile; fileRef = 8AA61E821BC9C87F00D937C6 /* ImageNewsCell.swift */; };
		8AA77D781BFE6BE900018BEF /* UIKit.framework in Frameworks */ = {isa = PBXBuildFile; fileRef = 8AA77D771BFE6BE900018BEF /* UIKit.framework */; };
		8AB0BFA81BC1EBB500523D8F /* RSSParser.swift in Sources */ = {isa = PBXBuildFile; fileRef = 8AB0BFA71BC1EBB500523D8F /* RSSParser.swift */; };
		8AB4C8FF1BF9007300E945D8 /* Category+CoreDataProperties.swift in Sources */ = {isa = PBXBuildFile; fileRef = 8AB4C8FB1BF9007300E945D8 /* Category+CoreDataProperties.swift */; };
		8AB4C9001BF9007300E945D8 /* Channel+CoreDataProperties.swift in Sources */ = {isa = PBXBuildFile; fileRef = 8AB4C8FC1BF9007300E945D8 /* Channel+CoreDataProperties.swift */; };
		8AB4C9011BF9007300E945D8 /* Item+CoreDataProperties.swift in Sources */ = {isa = PBXBuildFile; fileRef = 8AB4C8FD1BF9007300E945D8 /* Item+CoreDataProperties.swift */; };
		8AB4C9021BF9007300E945D8 /* Media+CoreDataProperties.swift in Sources */ = {isa = PBXBuildFile; fileRef = 8AB4C8FE1BF9007300E945D8 /* Media+CoreDataProperties.swift */; };
		8AB4C9041BF9016500E945D8 /* CoreDataStack.swift in Sources */ = {isa = PBXBuildFile; fileRef = 8AB4C9031BF9016500E945D8 /* CoreDataStack.swift */; };
		8AB93C0F1BC6C90C00351C4F /* NewsDetailTableViewController.swift in Sources */ = {isa = PBXBuildFile; fileRef = 8AB93C0E1BC6C90C00351C4F /* NewsDetailTableViewController.swift */; };
		8AC036391BDBF7290041AC62 /* WebViewController.swift in Sources */ = {isa = PBXBuildFile; fileRef = 8AC036381BDBF7280041AC62 /* WebViewController.swift */; };
		8AC53E5D1BC98CF2000B45E2 /* NewsCell.swift in Sources */ = {isa = PBXBuildFile; fileRef = 8AC53E5C1BC98CF2000B45E2 /* NewsCell.swift */; };
		8AC74DB91BC285FF00CBF2AE /* RSSParserDelegate.swift in Sources */ = {isa = PBXBuildFile; fileRef = 8AC74DB81BC285FF00CBF2AE /* RSSParserDelegate.swift */; };
		8AC972EE1BD6A264002D99FC /* DetailNewsCell.swift in Sources */ = {isa = PBXBuildFile; fileRef = 8AC972ED1BD6A264002D99FC /* DetailNewsCell.swift */; };
		8AE139121BDFD35D00140BEA /* News Reader.xcdatamodeld in Sources */ = {isa = PBXBuildFile; fileRef = 8AE139101BDFD35D00140BEA /* News Reader.xcdatamodeld */; };
		8AEA0E641BBDCBC000556336 /* .gitignore in Resources */ = {isa = PBXBuildFile; fileRef = 8AEA0E631BBDCBC000556336 /* .gitignore */; };
		8AEACC491BE911350059F53C /* Media.swift in Sources */ = {isa = PBXBuildFile; fileRef = 8AEACC481BE911350059F53C /* Media.swift */; };
		8AEACC4B1BE912350059F53C /* Category.swift in Sources */ = {isa = PBXBuildFile; fileRef = 8AEACC4A1BE912350059F53C /* Category.swift */; };
		8AEEE52A1BCBE16B0013A5CE /* UIImageView+setImageFromURL.swift in Sources */ = {isa = PBXBuildFile; fileRef = 8AEEE5291BCBE16B0013A5CE /* UIImageView+setImageFromURL.swift */; };
/* End PBXBuildFile section */

/* Begin PBXContainerItemProxy section */
		8A6B0D8B1BBD8BA40056C91E /* PBXContainerItemProxy */ = {
			isa = PBXContainerItemProxy;
			containerPortal = 8A6B0D6E1BBD8BA30056C91E /* Project object */;
			proxyType = 1;
			remoteGlobalIDString = 8A6B0D751BBD8BA40056C91E;
			remoteInfo = "News Reader";
		};
		8A6B0D961BBD8BA40056C91E /* PBXContainerItemProxy */ = {
			isa = PBXContainerItemProxy;
			containerPortal = 8A6B0D6E1BBD8BA30056C91E /* Project object */;
			proxyType = 1;
			remoteGlobalIDString = 8A6B0D751BBD8BA40056C91E;
			remoteInfo = "News Reader";
		};
/* End PBXContainerItemProxy section */

/* Begin PBXFileReference section */
		8A0B46A41BFD238000B9E2A2 /* DetailImageNewsCell.swift */ = {isa = PBXFileReference; fileEncoding = 4; lastKnownFileType = sourcecode.swift; path = DetailImageNewsCell.swift; sourceTree = "<group>"; };
		8A21B2331C079BD2009FC351 /* LICENSE.md */ = {isa = PBXFileReference; fileEncoding = 4; lastKnownFileType = net.daringfireball.markdown; path = LICENSE.md; sourceTree = "<group>"; };
		8A31C2CC1BBEB0A9001DA7C4 /* Channel.swift */ = {isa = PBXFileReference; fileEncoding = 4; lastKnownFileType = sourcecode.swift; path = Channel.swift; sourceTree = "<group>"; };
		8A31C2CE1BBEB3D2001DA7C4 /* Item.swift */ = {isa = PBXFileReference; fileEncoding = 4; lastKnownFileType = sourcecode.swift; path = Item.swift; sourceTree = "<group>"; };
		8A5571591BFF2FB500B6C5F5 /* NewsReader-Bridging-Header.h */ = {isa = PBXFileReference; lastKnownFileType = sourcecode.c.h; path = "NewsReader-Bridging-Header.h"; sourceTree = "<group>"; };
		8A5C59231BFF3C6E002D17BA /* DrawingViewController.h */ = {isa = PBXFileReference; fileEncoding = 4; lastKnownFileType = sourcecode.c.h; path = DrawingViewController.h; sourceTree = "<group>"; };
		8A5C59241BFF3C6E002D17BA /* DrawingViewController.m */ = {isa = PBXFileReference; fileEncoding = 4; lastKnownFileType = sourcecode.c.objc; path = DrawingViewController.m; sourceTree = "<group>"; };
		8A5C59291BFFB51B002D17BA /* BrushSettingsViewController.h */ = {isa = PBXFileReference; fileEncoding = 4; lastKnownFileType = sourcecode.c.h; path = BrushSettingsViewController.h; sourceTree = "<group>"; };
		8A5C592A1BFFB51B002D17BA /* BrushSettingsViewController.m */ = {isa = PBXFileReference; fileEncoding = 4; lastKnownFileType = sourcecode.c.objc; path = BrushSettingsViewController.m; sourceTree = "<group>"; };
		8A6B0D761BBD8BA40056C91E /* NewsReader.app */ = {isa = PBXFileReference; explicitFileType = wrapper.application; includeInIndex = 0; path = NewsReader.app; sourceTree = BUILT_PRODUCTS_DIR; };
		8A6B0D791BBD8BA40056C91E /* AppDelegate.swift */ = {isa = PBXFileReference; lastKnownFileType = sourcecode.swift; path = AppDelegate.swift; sourceTree = "<group>"; };
		8A6B0D7E1BBD8BA40056C91E /* Base */ = {isa = PBXFileReference; lastKnownFileType = file.storyboard; name = Base; path = Base.lproj/Main.storyboard; sourceTree = "<group>"; };
		8A6B0D801BBD8BA40056C91E /* Assets.xcassets */ = {isa = PBXFileReference; lastKnownFileType = folder.assetcatalog; path = Assets.xcassets; sourceTree = "<group>"; };
		8A6B0D831BBD8BA40056C91E /* Base */ = {isa = PBXFileReference; lastKnownFileType = file.storyboard; name = Base; path = Base.lproj/LaunchScreen.storyboard; sourceTree = "<group>"; };
		8A6B0D851BBD8BA40056C91E /* Info.plist */ = {isa = PBXFileReference; lastKnownFileType = text.plist.xml; path = Info.plist; sourceTree = "<group>"; };
		8A6B0D8A1BBD8BA40056C91E /* NewsReader.xctest */ = {isa = PBXFileReference; explicitFileType = wrapper.cfbundle; includeInIndex = 0; path = NewsReader.xctest; sourceTree = BUILT_PRODUCTS_DIR; };
		8A6B0D8E1BBD8BA40056C91E /* News_ReaderTests.swift */ = {isa = PBXFileReference; lastKnownFileType = sourcecode.swift; path = News_ReaderTests.swift; sourceTree = "<group>"; };
		8A6B0D901BBD8BA40056C91E /* Info.plist */ = {isa = PBXFileReference; lastKnownFileType = text.plist.xml; path = Info.plist; sourceTree = "<group>"; };
		8A6B0D951BBD8BA40056C91E /* NewsReader.xctest */ = {isa = PBXFileReference; explicitFileType = wrapper.cfbundle; includeInIndex = 0; path = NewsReader.xctest; sourceTree = BUILT_PRODUCTS_DIR; };
		8A6B0D991BBD8BA40056C91E /* News_ReaderUITests.swift */ = {isa = PBXFileReference; lastKnownFileType = sourcecode.swift; path = News_ReaderUITests.swift; sourceTree = "<group>"; };
		8A6B0D9B1BBD8BA40056C91E /* Info.plist */ = {isa = PBXFileReference; lastKnownFileType = text.plist.xml; path = Info.plist; sourceTree = "<group>"; };
		8A6B0DA71BBD8D740056C91E /* NewsTableViewController.swift */ = {isa = PBXFileReference; fileEncoding = 4; lastKnownFileType = sourcecode.swift; path = NewsTableViewController.swift; sourceTree = "<group>"; };
		8A7F9E0D1BCDAC6C002C6F89 /* ImageDownloader.swift */ = {isa = PBXFileReference; fileEncoding = 4; lastKnownFileType = sourcecode.swift; path = ImageDownloader.swift; sourceTree = "<group>"; };
		8AA61E821BC9C87F00D937C6 /* ImageNewsCell.swift */ = {isa = PBXFileReference; fileEncoding = 4; lastKnownFileType = sourcecode.swift; path = ImageNewsCell.swift; sourceTree = "<group>"; };
		8AA77D771BFE6BE900018BEF /* UIKit.framework */ = {isa = PBXFileReference; lastKnownFileType = wrapper.framework; name = UIKit.framework; path = System/Library/Frameworks/UIKit.framework; sourceTree = SDKROOT; };
		8AB0BFA71BC1EBB500523D8F /* RSSParser.swift */ = {isa = PBXFileReference; fileEncoding = 4; lastKnownFileType = sourcecode.swift; path = RSSParser.swift; sourceTree = "<group>"; usesTabs = 0; };
		8AB4C8FB1BF9007300E945D8 /* Category+CoreDataProperties.swift */ = {isa = PBXFileReference; fileEncoding = 4; lastKnownFileType = sourcecode.swift; path = "Category+CoreDataProperties.swift"; sourceTree = "<group>"; };
		8AB4C8FC1BF9007300E945D8 /* Channel+CoreDataProperties.swift */ = {isa = PBXFileReference; fileEncoding = 4; lastKnownFileType = sourcecode.swift; path = "Channel+CoreDataProperties.swift"; sourceTree = "<group>"; };
		8AB4C8FD1BF9007300E945D8 /* Item+CoreDataProperties.swift */ = {isa = PBXFileReference; fileEncoding = 4; lastKnownFileType = sourcecode.swift; path = "Item+CoreDataProperties.swift"; sourceTree = "<group>"; };
		8AB4C8FE1BF9007300E945D8 /* Media+CoreDataProperties.swift */ = {isa = PBXFileReference; fileEncoding = 4; lastKnownFileType = sourcecode.swift; path = "Media+CoreDataProperties.swift"; sourceTree = "<group>"; };
		8AB4C9031BF9016500E945D8 /* CoreDataStack.swift */ = {isa = PBXFileReference; fileEncoding = 4; lastKnownFileType = sourcecode.swift; path = CoreDataStack.swift; sourceTree = "<group>"; };
		8AB93C0E1BC6C90C00351C4F /* NewsDetailTableViewController.swift */ = {isa = PBXFileReference; fileEncoding = 4; lastKnownFileType = sourcecode.swift; path = NewsDetailTableViewController.swift; sourceTree = "<group>"; };
		8AC036381BDBF7280041AC62 /* WebViewController.swift */ = {isa = PBXFileReference; fileEncoding = 4; lastKnownFileType = sourcecode.swift; path = WebViewController.swift; sourceTree = "<group>"; };
		8AC53E5C1BC98CF2000B45E2 /* NewsCell.swift */ = {isa = PBXFileReference; fileEncoding = 4; lastKnownFileType = sourcecode.swift; path = NewsCell.swift; sourceTree = "<group>"; };
		8AC74DB81BC285FF00CBF2AE /* RSSParserDelegate.swift */ = {isa = PBXFileReference; fileEncoding = 4; lastKnownFileType = sourcecode.swift; path = RSSParserDelegate.swift; sourceTree = "<group>"; };
		8AC972ED1BD6A264002D99FC /* DetailNewsCell.swift */ = {isa = PBXFileReference; fileEncoding = 4; lastKnownFileType = sourcecode.swift; path = DetailNewsCell.swift; sourceTree = "<group>"; };
		8ADA86C51C00FEA8008B27B1 /* README.md */ = {isa = PBXFileReference; fileEncoding = 4; lastKnownFileType = net.daringfireball.markdown; path = README.md; sourceTree = "<group>"; };
		8AE139111BDFD35D00140BEA /* News Reader.xcdatamodel */ = {isa = PBXFileReference; lastKnownFileType = wrapper.xcdatamodel; path = "News Reader.xcdatamodel"; sourceTree = "<group>"; };
		8AEA0E631BBDCBC000556336 /* .gitignore */ = {isa = PBXFileReference; fileEncoding = 4; lastKnownFileType = text; path = .gitignore; sourceTree = "<group>"; };
		8AEACC481BE911350059F53C /* Media.swift */ = {isa = PBXFileReference; fileEncoding = 4; lastKnownFileType = sourcecode.swift; path = Media.swift; sourceTree = "<group>"; };
		8AEACC4A1BE912350059F53C /* Category.swift */ = {isa = PBXFileReference; fileEncoding = 4; lastKnownFileType = sourcecode.swift; path = Category.swift; sourceTree = "<group>"; };
		8AEEE5291BCBE16B0013A5CE /* UIImageView+setImageFromURL.swift */ = {isa = PBXFileReference; fileEncoding = 4; lastKnownFileType = sourcecode.swift; path = "UIImageView+setImageFromURL.swift"; sourceTree = "<group>"; };
/* End PBXFileReference section */

/* Begin PBXFrameworksBuildPhase section */
		8A6B0D731BBD8BA40056C91E /* Frameworks */ = {
			isa = PBXFrameworksBuildPhase;
			buildActionMask = 2147483647;
			files = (
				8AA77D781BFE6BE900018BEF /* UIKit.framework in Frameworks */,
			);
			runOnlyForDeploymentPostprocessing = 0;
		};
		8A6B0D871BBD8BA40056C91E /* Frameworks */ = {
			isa = PBXFrameworksBuildPhase;
			buildActionMask = 2147483647;
			files = (
			);
			runOnlyForDeploymentPostprocessing = 0;
		};
		8A6B0D921BBD8BA40056C91E /* Frameworks */ = {
			isa = PBXFrameworksBuildPhase;
			buildActionMask = 2147483647;
			files = (
			);
			runOnlyForDeploymentPostprocessing = 0;
		};
/* End PBXFrameworksBuildPhase section */

/* Begin PBXGroup section */
		8A4A35231BCC105D001C324F /* Extensions */ = {
			isa = PBXGroup;
			children = (
				8AEEE5291BCBE16B0013A5CE /* UIImageView+setImageFromURL.swift */,
			);
			name = Extensions;
			sourceTree = "<group>";
		};
		8A55715A1BFF31D000B6C5F5 /* Support Files */ = {
			isa = PBXGroup;
			children = (
				8A6B0D791BBD8BA40056C91E /* AppDelegate.swift */,
				8A5571591BFF2FB500B6C5F5 /* NewsReader-Bridging-Header.h */,
			);
			name = "Support Files";
			sourceTree = "<group>";
		};
		8A6B0D6D1BBD8BA30056C91E = {
			isa = PBXGroup;
			children = (
				8A21B2331C079BD2009FC351 /* LICENSE.md */,
				8ADA86C51C00FEA8008B27B1 /* README.md */,
				8AA77D771BFE6BE900018BEF /* UIKit.framework */,
				8AEA0E631BBDCBC000556336 /* .gitignore */,
				8A6B0D781BBD8BA40056C91E /* NewsReader */,
				8A6B0D8D1BBD8BA40056C91E /* NewsReaderTests */,
				8A6B0D981BBD8BA40056C91E /* NewsReaderUITests */,
				8A6B0D771BBD8BA40056C91E /* Products */,
			);
			sourceTree = "<group>";
		};
		8A6B0D771BBD8BA40056C91E /* Products */ = {
			isa = PBXGroup;
			children = (
				8A6B0D761BBD8BA40056C91E /* NewsReader.app */,
				8A6B0D8A1BBD8BA40056C91E /* NewsReader.xctest */,
				8A6B0D951BBD8BA40056C91E /* NewsReader.xctest */,
			);
			name = Products;
			sourceTree = "<group>";
		};
		8A6B0D781BBD8BA40056C91E /* NewsReader */ = {
			isa = PBXGroup;
			children = (
				8A55715A1BFF31D000B6C5F5 /* Support Files */,
				8A4A35231BCC105D001C324F /* Extensions */,
				8A6B0DA91BBD8F0B0056C91E /* Model */,
				8A6B0DAA1BBD8F150056C91E /* Controller */,
				8A6B0DAB1BBD8F3C0056C91E /* View */,
				8A6B0D801BBD8BA40056C91E /* Assets.xcassets */,
				8A6B0D851BBD8BA40056C91E /* Info.plist */,
			);
			path = NewsReader;
			sourceTree = "<group>";
		};
		8A6B0D8D1BBD8BA40056C91E /* NewsReaderTests */ = {
			isa = PBXGroup;
			children = (
				8A6B0D8E1BBD8BA40056C91E /* News_ReaderTests.swift */,
				8A6B0D901BBD8BA40056C91E /* Info.plist */,
			);
			path = NewsReaderTests;
			sourceTree = "<group>";
		};
		8A6B0D981BBD8BA40056C91E /* NewsReaderUITests */ = {
			isa = PBXGroup;
			children = (
				8A6B0D991BBD8BA40056C91E /* News_ReaderUITests.swift */,
				8A6B0D9B1BBD8BA40056C91E /* Info.plist */,
			);
			path = NewsReaderUITests;
			sourceTree = "<group>";
		};
		8A6B0DA91BBD8F0B0056C91E /* Model */ = {
			isa = PBXGroup;
			children = (
				8A7CA6591BFA68C500BD9534 /* CoreData */,
				8AB0BFA71BC1EBB500523D8F /* RSSParser.swift */,
				8AC74DB81BC285FF00CBF2AE /* RSSParserDelegate.swift */,
				8A7F9E0D1BCDAC6C002C6F89 /* ImageDownloader.swift */,
			);
			name = Model;
			sourceTree = "<group>";
		};
		8A6B0DAA1BBD8F150056C91E /* Controller */ = {
			isa = PBXGroup;
			children = (
				8A6B0DA71BBD8D740056C91E /* NewsTableViewController.swift */,
				8AB93C0E1BC6C90C00351C4F /* NewsDetailTableViewController.swift */,
				8AA77D721BFE6AA200018BEF /* Drawing */,
				8AC036381BDBF7280041AC62 /* WebViewController.swift */,
			);
			name = Controller;
			sourceTree = "<group>";
		};
		8A6B0DAB1BBD8F3C0056C91E /* View */ = {
			isa = PBXGroup;
			children = (
				8AC53E5C1BC98CF2000B45E2 /* NewsCell.swift */,
				8AA61E821BC9C87F00D937C6 /* ImageNewsCell.swift */,
				8AC972ED1BD6A264002D99FC /* DetailNewsCell.swift */,
				8A0B46A41BFD238000B9E2A2 /* DetailImageNewsCell.swift */,
				8A6B0D7D1BBD8BA40056C91E /* Main.storyboard */,
				8A6B0D821BBD8BA40056C91E /* LaunchScreen.storyboard */,
			);
			name = View;
			sourceTree = "<group>";
		};
		8A7CA6591BFA68C500BD9534 /* CoreData */ = {
			isa = PBXGroup;
			children = (
				8A31C2CC1BBEB0A9001DA7C4 /* Channel.swift */,
				8AB4C8FC1BF9007300E945D8 /* Channel+CoreDataProperties.swift */,
				8A31C2CE1BBEB3D2001DA7C4 /* Item.swift */,
				8AB4C8FD1BF9007300E945D8 /* Item+CoreDataProperties.swift */,
				8AEACC481BE911350059F53C /* Media.swift */,
				8AB4C8FE1BF9007300E945D8 /* Media+CoreDataProperties.swift */,
				8AEACC4A1BE912350059F53C /* Category.swift */,
				8AB4C8FB1BF9007300E945D8 /* Category+CoreDataProperties.swift */,
				8AB4C9031BF9016500E945D8 /* CoreDataStack.swift */,
				8AE139101BDFD35D00140BEA /* News Reader.xcdatamodeld */,
			);
			name = CoreData;
			sourceTree = "<group>";
		};
		8AA77D721BFE6AA200018BEF /* Drawing */ = {
			isa = PBXGroup;
			children = (
				8A5C59231BFF3C6E002D17BA /* DrawingViewController.h */,
				8A5C59241BFF3C6E002D17BA /* DrawingViewController.m */,
				8A5C59291BFFB51B002D17BA /* BrushSettingsViewController.h */,
				8A5C592A1BFFB51B002D17BA /* BrushSettingsViewController.m */,
			);
			name = Drawing;
			sourceTree = "<group>";
		};
/* End PBXGroup section */

/* Begin PBXNativeTarget section */
		8A6B0D751BBD8BA40056C91E /* NewsReader */ = {
			isa = PBXNativeTarget;
			buildConfigurationList = 8A6B0D9E1BBD8BA40056C91E /* Build configuration list for PBXNativeTarget "NewsReader" */;
			buildPhases = (
				8A6B0D721BBD8BA40056C91E /* Sources */,
				8A6B0D731BBD8BA40056C91E /* Frameworks */,
				8A6B0D741BBD8BA40056C91E /* Resources */,
			);
			buildRules = (
			);
			dependencies = (
			);
			name = NewsReader;
			productName = "News Reader";
			productReference = 8A6B0D761BBD8BA40056C91E /* NewsReader.app */;
			productType = "com.apple.product-type.application";
		};
		8A6B0D891BBD8BA40056C91E /* NewsReaderTests */ = {
			isa = PBXNativeTarget;
			buildConfigurationList = 8A6B0DA11BBD8BA40056C91E /* Build configuration list for PBXNativeTarget "NewsReaderTests" */;
			buildPhases = (
				8A6B0D861BBD8BA40056C91E /* Sources */,
				8A6B0D871BBD8BA40056C91E /* Frameworks */,
				8A6B0D881BBD8BA40056C91E /* Resources */,
			);
			buildRules = (
			);
			dependencies = (
				8A6B0D8C1BBD8BA40056C91E /* PBXTargetDependency */,
			);
			name = NewsReaderTests;
			productName = "News ReaderTests";
			productReference = 8A6B0D8A1BBD8BA40056C91E /* NewsReader.xctest */;
			productType = "com.apple.product-type.bundle.unit-test";
		};
		8A6B0D941BBD8BA40056C91E /* NewsReaderUITests */ = {
			isa = PBXNativeTarget;
			buildConfigurationList = 8A6B0DA41BBD8BA40056C91E /* Build configuration list for PBXNativeTarget "NewsReaderUITests" */;
			buildPhases = (
				8A6B0D911BBD8BA40056C91E /* Sources */,
				8A6B0D921BBD8BA40056C91E /* Frameworks */,
				8A6B0D931BBD8BA40056C91E /* Resources */,
			);
			buildRules = (
			);
			dependencies = (
				8A6B0D971BBD8BA40056C91E /* PBXTargetDependency */,
			);
			name = NewsReaderUITests;
			productName = "News ReaderUITests";
			productReference = 8A6B0D951BBD8BA40056C91E /* NewsReader.xctest */;
			productType = "com.apple.product-type.bundle.ui-testing";
		};
/* End PBXNativeTarget section */

/* Begin PBXProject section */
		8A6B0D6E1BBD8BA30056C91E /* Project object */ = {
			isa = PBXProject;
			attributes = {
				LastSwiftUpdateCheck = 0710;
				LastUpgradeCheck = 0700;
				ORGANIZATIONNAME = Alexey;
				TargetAttributes = {
					8A6B0D751BBD8BA40056C91E = {
						CreatedOnToolsVersion = 7.0;
					};
					8A6B0D891BBD8BA40056C91E = {
						CreatedOnToolsVersion = 7.0;
						TestTargetID = 8A6B0D751BBD8BA40056C91E;
					};
					8A6B0D941BBD8BA40056C91E = {
						CreatedOnToolsVersion = 7.0;
						TestTargetID = 8A6B0D751BBD8BA40056C91E;
					};
				};
			};
			buildConfigurationList = 8A6B0D711BBD8BA30056C91E /* Build configuration list for PBXProject "NewsReader" */;
			compatibilityVersion = "Xcode 3.2";
			developmentRegion = English;
			hasScannedForEncodings = 0;
			knownRegions = (
				en,
				Base,
			);
			mainGroup = 8A6B0D6D1BBD8BA30056C91E;
			productRefGroup = 8A6B0D771BBD8BA40056C91E /* Products */;
			projectDirPath = "";
			projectRoot = "";
			targets = (
				8A6B0D751BBD8BA40056C91E /* NewsReader */,
				8A6B0D891BBD8BA40056C91E /* NewsReaderTests */,
				8A6B0D941BBD8BA40056C91E /* NewsReaderUITests */,
			);
		};
/* End PBXProject section */

/* Begin PBXResourcesBuildPhase section */
		8A6B0D741BBD8BA40056C91E /* Resources */ = {
			isa = PBXResourcesBuildPhase;
			buildActionMask = 2147483647;
			files = (
				8AEA0E641BBDCBC000556336 /* .gitignore in Resources */,
				8A6B0D841BBD8BA40056C91E /* LaunchScreen.storyboard in Resources */,
				8A6B0D811BBD8BA40056C91E /* Assets.xcassets in Resources */,
				8A6B0D7F1BBD8BA40056C91E /* Main.storyboard in Resources */,
			);
			runOnlyForDeploymentPostprocessing = 0;
		};
		8A6B0D881BBD8BA40056C91E /* Resources */ = {
			isa = PBXResourcesBuildPhase;
			buildActionMask = 2147483647;
			files = (
			);
			runOnlyForDeploymentPostprocessing = 0;
		};
		8A6B0D931BBD8BA40056C91E /* Resources */ = {
			isa = PBXResourcesBuildPhase;
			buildActionMask = 2147483647;
			files = (
			);
			runOnlyForDeploymentPostprocessing = 0;
		};
/* End PBXResourcesBuildPhase section */

/* Begin PBXSourcesBuildPhase section */
		8A6B0D721BBD8BA40056C91E /* Sources */ = {
			isa = PBXSourcesBuildPhase;
			buildActionMask = 2147483647;
			files = (
				8AB4C9041BF9016500E945D8 /* CoreDataStack.swift in Sources */,
				8AC74DB91BC285FF00CBF2AE /* RSSParserDelegate.swift in Sources */,
				8A31C2CF1BBEB3D2001DA7C4 /* Item.swift in Sources */,
				8A5C592B1BFFB51B002D17BA /* BrushSettingsViewController.m in Sources */,
				8A6B0DA81BBD8D740056C91E /* NewsTableViewController.swift in Sources */,
				8AE139121BDFD35D00140BEA /* News Reader.xcdatamodeld in Sources */,
				8AB4C9011BF9007300E945D8 /* Item+CoreDataProperties.swift in Sources */,
				8AB93C0F1BC6C90C00351C4F /* NewsDetailTableViewController.swift in Sources */,
				8A31C2CD1BBEB0A9001DA7C4 /* Channel.swift in Sources */,
				8AB0BFA81BC1EBB500523D8F /* RSSParser.swift in Sources */,
				8AEACC4B1BE912350059F53C /* Category.swift in Sources */,
				8AB4C9001BF9007300E945D8 /* Channel+CoreDataProperties.swift in Sources */,
				8AB4C8FF1BF9007300E945D8 /* Category+CoreDataProperties.swift in Sources */,
				8A7F9E0E1BCDAC6C002C6F89 /* ImageDownloader.swift in Sources */,
				8A5C59251BFF3C6E002D17BA /* DrawingViewController.m in Sources */,
				8A0B46A51BFD238000B9E2A2 /* DetailImageNewsCell.swift in Sources */,
				8AC53E5D1BC98CF2000B45E2 /* NewsCell.swift in Sources */,
				8AEEE52A1BCBE16B0013A5CE /* UIImageView+setImageFromURL.swift in Sources */,
				8A6B0D7A1BBD8BA40056C91E /* AppDelegate.swift in Sources */,
				8AA61E831BC9C87F00D937C6 /* ImageNewsCell.swift in Sources */,
				8AB4C9021BF9007300E945D8 /* Media+CoreDataProperties.swift in Sources */,
				8AC036391BDBF7290041AC62 /* WebViewController.swift in Sources */,
				8AC972EE1BD6A264002D99FC /* DetailNewsCell.swift in Sources */,
				8AEACC491BE911350059F53C /* Media.swift in Sources */,
			);
			runOnlyForDeploymentPostprocessing = 0;
		};
		8A6B0D861BBD8BA40056C91E /* Sources */ = {
			isa = PBXSourcesBuildPhase;
			buildActionMask = 2147483647;
			files = (
				8A6B0D8F1BBD8BA40056C91E /* News_ReaderTests.swift in Sources */,
			);
			runOnlyForDeploymentPostprocessing = 0;
		};
		8A6B0D911BBD8BA40056C91E /* Sources */ = {
			isa = PBXSourcesBuildPhase;
			buildActionMask = 2147483647;
			files = (
				8A6B0D9A1BBD8BA40056C91E /* News_ReaderUITests.swift in Sources */,
			);
			runOnlyForDeploymentPostprocessing = 0;
		};
/* End PBXSourcesBuildPhase section */

/* Begin PBXTargetDependency section */
		8A6B0D8C1BBD8BA40056C91E /* PBXTargetDependency */ = {
			isa = PBXTargetDependency;
			target = 8A6B0D751BBD8BA40056C91E /* NewsReader */;
			targetProxy = 8A6B0D8B1BBD8BA40056C91E /* PBXContainerItemProxy */;
		};
		8A6B0D971BBD8BA40056C91E /* PBXTargetDependency */ = {
			isa = PBXTargetDependency;
			target = 8A6B0D751BBD8BA40056C91E /* NewsReader */;
			targetProxy = 8A6B0D961BBD8BA40056C91E /* PBXContainerItemProxy */;
		};
/* End PBXTargetDependency section */

/* Begin PBXVariantGroup section */
		8A6B0D7D1BBD8BA40056C91E /* Main.storyboard */ = {
			isa = PBXVariantGroup;
			children = (
				8A6B0D7E1BBD8BA40056C91E /* Base */,
			);
			name = Main.storyboard;
			sourceTree = "<group>";
		};
		8A6B0D821BBD8BA40056C91E /* LaunchScreen.storyboard */ = {
			isa = PBXVariantGroup;
			children = (
				8A6B0D831BBD8BA40056C91E /* Base */,
			);
			name = LaunchScreen.storyboard;
			sourceTree = "<group>";
		};
/* End PBXVariantGroup section */

/* Begin XCBuildConfiguration section */
		8A6B0D9C1BBD8BA40056C91E /* Debug */ = {
			isa = XCBuildConfiguration;
			buildSettings = {
				ALWAYS_SEARCH_USER_PATHS = NO;
				CLANG_CXX_LANGUAGE_STANDARD = "gnu++0x";
				CLANG_CXX_LIBRARY = "libc++";
				CLANG_ENABLE_MODULES = YES;
				CLANG_ENABLE_OBJC_ARC = YES;
				CLANG_WARN_BOOL_CONVERSION = YES;
				CLANG_WARN_CONSTANT_CONVERSION = YES;
				CLANG_WARN_DIRECT_OBJC_ISA_USAGE = YES_ERROR;
				CLANG_WARN_EMPTY_BODY = YES;
				CLANG_WARN_ENUM_CONVERSION = YES;
				CLANG_WARN_INT_CONVERSION = YES;
				CLANG_WARN_OBJC_ROOT_CLASS = YES_ERROR;
				CLANG_WARN_UNREACHABLE_CODE = YES;
				CLANG_WARN__DUPLICATE_METHOD_MATCH = YES;
				"CODE_SIGN_IDENTITY[sdk=iphoneos*]" = "iPhone Developer";
				COPY_PHASE_STRIP = NO;
				DEBUG_INFORMATION_FORMAT = dwarf;
				ENABLE_STRICT_OBJC_MSGSEND = YES;
				ENABLE_TESTABILITY = YES;
				GCC_C_LANGUAGE_STANDARD = gnu99;
				GCC_DYNAMIC_NO_PIC = NO;
				GCC_NO_COMMON_BLOCKS = YES;
				GCC_OPTIMIZATION_LEVEL = 0;
				GCC_PREPROCESSOR_DEFINITIONS = (
					"DEBUG=1",
					"$(inherited)",
				);
				GCC_WARN_64_TO_32_BIT_CONVERSION = YES;
				GCC_WARN_ABOUT_RETURN_TYPE = YES_ERROR;
				GCC_WARN_UNDECLARED_SELECTOR = YES;
				GCC_WARN_UNINITIALIZED_AUTOS = YES_AGGRESSIVE;
				GCC_WARN_UNUSED_FUNCTION = YES;
				GCC_WARN_UNUSED_VARIABLE = YES;
				IPHONEOS_DEPLOYMENT_TARGET = 9.0;
				MTL_ENABLE_DEBUG_INFO = YES;
				ONLY_ACTIVE_ARCH = YES;
				SDKROOT = iphoneos;
				SWIFT_OPTIMIZATION_LEVEL = "-Onone";
			};
			name = Debug;
		};
		8A6B0D9D1BBD8BA40056C91E /* Release */ = {
			isa = XCBuildConfiguration;
			buildSettings = {
				ALWAYS_SEARCH_USER_PATHS = NO;
				CLANG_CXX_LANGUAGE_STANDARD = "gnu++0x";
				CLANG_CXX_LIBRARY = "libc++";
				CLANG_ENABLE_MODULES = YES;
				CLANG_ENABLE_OBJC_ARC = YES;
				CLANG_WARN_BOOL_CONVERSION = YES;
				CLANG_WARN_CONSTANT_CONVERSION = YES;
				CLANG_WARN_DIRECT_OBJC_ISA_USAGE = YES_ERROR;
				CLANG_WARN_EMPTY_BODY = YES;
				CLANG_WARN_ENUM_CONVERSION = YES;
				CLANG_WARN_INT_CONVERSION = YES;
				CLANG_WARN_OBJC_ROOT_CLASS = YES_ERROR;
				CLANG_WARN_UNREACHABLE_CODE = YES;
				CLANG_WARN__DUPLICATE_METHOD_MATCH = YES;
				"CODE_SIGN_IDENTITY[sdk=iphoneos*]" = "iPhone Developer";
				COPY_PHASE_STRIP = NO;
				DEBUG_INFORMATION_FORMAT = "dwarf-with-dsym";
				ENABLE_NS_ASSERTIONS = NO;
				ENABLE_STRICT_OBJC_MSGSEND = YES;
				GCC_C_LANGUAGE_STANDARD = gnu99;
				GCC_NO_COMMON_BLOCKS = YES;
				GCC_WARN_64_TO_32_BIT_CONVERSION = YES;
				GCC_WARN_ABOUT_RETURN_TYPE = YES_ERROR;
				GCC_WARN_UNDECLARED_SELECTOR = YES;
				GCC_WARN_UNINITIALIZED_AUTOS = YES_AGGRESSIVE;
				GCC_WARN_UNUSED_FUNCTION = YES;
				GCC_WARN_UNUSED_VARIABLE = YES;
				IPHONEOS_DEPLOYMENT_TARGET = 9.0;
				MTL_ENABLE_DEBUG_INFO = NO;
				SDKROOT = iphoneos;
				VALIDATE_PRODUCT = YES;
			};
			name = Release;
		};
		8A6B0D9F1BBD8BA40056C91E /* Debug */ = {
			isa = XCBuildConfiguration;
			buildSettings = {
				ASSETCATALOG_COMPILER_APPICON_NAME = AppIcon;
				CLANG_ENABLE_MODULES = YES;
				INFOPLIST_FILE = NewsReader/Info.plist;
				LD_RUNPATH_SEARCH_PATHS = "$(inherited) @executable_path/Frameworks";
				PRODUCT_BUNDLE_IDENTIFIER = univercube.NewsReader;
				PRODUCT_NAME = NewsReader;
				SWIFT_OBJC_BRIDGING_HEADER = "./NewsReader/NewsReader-Bridging-Header.h";
				SWIFT_OPTIMIZATION_LEVEL = "-Onone";
			};
			name = Debug;
		};
		8A6B0DA01BBD8BA40056C91E /* Release */ = {
			isa = XCBuildConfiguration;
			buildSettings = {
				ASSETCATALOG_COMPILER_APPICON_NAME = AppIcon;
				CLANG_ENABLE_MODULES = YES;
				INFOPLIST_FILE = NewsReader/Info.plist;
				LD_RUNPATH_SEARCH_PATHS = "$(inherited) @executable_path/Frameworks";
				PRODUCT_BUNDLE_IDENTIFIER = univercube.NewsReader;
				PRODUCT_NAME = NewsReader;
				SWIFT_OBJC_BRIDGING_HEADER = "./NewsReader/NewsReader-Bridging-Header.h";
			};
			name = Release;
		};
		8A6B0DA21BBD8BA40056C91E /* Debug */ = {
			isa = XCBuildConfiguration;
			buildSettings = {
				BUNDLE_LOADER = "$(TEST_HOST)";
				INFOPLIST_FILE = "News ReaderTests/Info.plist";
				LD_RUNPATH_SEARCH_PATHS = "$(inherited) @executable_path/Frameworks @loader_path/Frameworks";
				PRODUCT_BUNDLE_IDENTIFIER = "univercube.News-ReaderTests";
				PRODUCT_NAME = NewsReader;
				TEST_HOST = "$(BUILT_PRODUCTS_DIR)/NewsReader.app/NewsReader";
			};
			name = Debug;
		};
		8A6B0DA31BBD8BA40056C91E /* Release */ = {
			isa = XCBuildConfiguration;
			buildSettings = {
				BUNDLE_LOADER = "$(TEST_HOST)";
				INFOPLIST_FILE = "News ReaderTests/Info.plist";
				LD_RUNPATH_SEARCH_PATHS = "$(inherited) @executable_path/Frameworks @loader_path/Frameworks";
				PRODUCT_BUNDLE_IDENTIFIER = "univercube.News-ReaderTests";
				PRODUCT_NAME = NewsReader;
				TEST_HOST = "$(BUILT_PRODUCTS_DIR)/NewsReader.app/NewsReader";
			};
			name = Release;
		};
		8A6B0DA51BBD8BA40056C91E /* Debug */ = {
			isa = XCBuildConfiguration;
			buildSettings = {
				INFOPLIST_FILE = "News ReaderUITests/Info.plist";
				LD_RUNPATH_SEARCH_PATHS = "$(inherited) @executable_path/Frameworks @loader_path/Frameworks";
				PRODUCT_BUNDLE_IDENTIFIER = "univercube.News-ReaderUITests";
				PRODUCT_NAME = NewsReader;
				TEST_TARGET_NAME = "News Reader";
				USES_XCTRUNNER = YES;
			};
			name = Debug;
		};
		8A6B0DA61BBD8BA40056C91E /* Release */ = {
			isa = XCBuildConfiguration;
			buildSettings = {
				INFOPLIST_FILE = "News ReaderUITests/Info.plist";
				LD_RUNPATH_SEARCH_PATHS = "$(inherited) @executable_path/Frameworks @loader_path/Frameworks";
				PRODUCT_BUNDLE_IDENTIFIER = "univercube.News-ReaderUITests";
				PRODUCT_NAME = NewsReader;
				TEST_TARGET_NAME = "News Reader";
				USES_XCTRUNNER = YES;
			};
			name = Release;
		};
/* End XCBuildConfiguration section */

/* Begin XCConfigurationList section */
		8A6B0D711BBD8BA30056C91E /* Build configuration list for PBXProject "NewsReader" */ = {
			isa = XCConfigurationList;
			buildConfigurations = (
				8A6B0D9C1BBD8BA40056C91E /* Debug */,
				8A6B0D9D1BBD8BA40056C91E /* Release */,
			);
			defaultConfigurationIsVisible = 0;
			defaultConfigurationName = Release;
		};
		8A6B0D9E1BBD8BA40056C91E /* Build configuration list for PBXNativeTarget "NewsReader" */ = {
			isa = XCConfigurationList;
			buildConfigurations = (
				8A6B0D9F1BBD8BA40056C91E /* Debug */,
				8A6B0DA01BBD8BA40056C91E /* Release */,
			);
			defaultConfigurationIsVisible = 0;
			defaultConfigurationName = Release;
		};
		8A6B0DA11BBD8BA40056C91E /* Build configuration list for PBXNativeTarget "NewsReaderTests" */ = {
			isa = XCConfigurationList;
			buildConfigurations = (
				8A6B0DA21BBD8BA40056C91E /* Debug */,
				8A6B0DA31BBD8BA40056C91E /* Release */,
			);
			defaultConfigurationIsVisible = 0;
			defaultConfigurationName = Release;
		};
		8A6B0DA41BBD8BA40056C91E /* Build configuration list for PBXNativeTarget "NewsReaderUITests" */ = {
			isa = XCConfigurationList;
			buildConfigurations = (
				8A6B0DA51BBD8BA40056C91E /* Debug */,
				8A6B0DA61BBD8BA40056C91E /* Release */,
			);
			defaultConfigurationIsVisible = 0;
			defaultConfigurationName = Release;
		};
/* End XCConfigurationList section */

/* Begin XCVersionGroup section */
		8AE139101BDFD35D00140BEA /* News Reader.xcdatamodeld */ = {
			isa = XCVersionGroup;
			children = (
				8AE139111BDFD35D00140BEA /* News Reader.xcdatamodel */,
			);
			currentVersion = 8AE139111BDFD35D00140BEA /* News Reader.xcdatamodel */;
			path = "News Reader.xcdatamodeld";
			sourceTree = "<group>";
			versionGroupType = wrapper.xcdatamodel;
		};
/* End XCVersionGroup section */
	};
	rootObject = 8A6B0D6E1BBD8BA30056C91E /* Project object */;
}
